# generated by rye
# use `rye lock` or `rye sync` to update this lockfile
#
# last locked with the following flags:
#   pre: false
#   features: []
#   all-features: false
#   with-sources: false

-e file:.
accelerate==1.12.0
    # via typst-ocr
aiohappyeyeballs==2.6.1
    # via aiohttp
aiohttp==3.13.2
    # via datasets
    # via fsspec
aiosignal==1.4.0
    # via aiohttp
appnope==0.1.4
    # via ipykernel
asttokens==3.0.1
    # via stack-data
async-timeout==5.0.1
    # via aiohttp
attrs==25.4.0
    # via aiohttp
black==25.11.0
    # via python-lsp-server
certifi==2025.11.12
    # via requests
charset-normalizer==3.4.4
    # via requests
click==8.3.1
    # via black
comm==0.2.3
    # via ipykernel
datasets==2.19.2
    # via typst-ocr
debugpy==1.8.17
    # via ipykernel
decorator==5.2.1
    # via ipython
dill==0.3.8
    # via datasets
    # via multiprocess
docstring-to-markdown==0.17
    # via python-lsp-server
exceptiongroup==1.3.1
    # via ipython
executing==2.2.1
    # via stack-data
filelock==3.20.0
    # via datasets
    # via huggingface-hub
    # via torch
    # via transformers
frozenlist==1.8.0
    # via aiohttp
    # via aiosignal
fsspec==2024.3.1
    # via datasets
    # via huggingface-hub
    # via torch
hf-xet==1.2.0
    # via huggingface-hub
huggingface-hub==0.36.0
    # via accelerate
    # via datasets
    # via tokenizers
    # via transformers
idna==3.11
    # via requests
    # via yarl
importlib-metadata==8.7.0
    # via docstring-to-markdown
ipykernel==7.1.0
    # via typst-ocr
ipython==8.37.0
    # via ipykernel
jedi==0.19.2
    # via ipython
    # via python-lsp-server
jinja2==3.1.6
    # via torch
jupyter-client==8.6.3
    # via ipykernel
jupyter-core==5.9.1
    # via ipykernel
    # via jupyter-client
markupsafe==3.0.3
    # via jinja2
matplotlib-inline==0.2.1
    # via ipykernel
    # via ipython
mpmath==1.3.0
    # via sympy
multidict==6.7.0
    # via aiohttp
    # via yarl
multiprocess==0.70.16
    # via datasets
mypy-extensions==1.1.0
    # via black
nest-asyncio==1.6.0
    # via ipykernel
networkx==3.4.2
    # via torch
numpy==1.26.0
    # via accelerate
    # via datasets
    # via pandas
    # via pyarrow
    # via transformers
    # via typst-ocr
packaging==25.0
    # via accelerate
    # via black
    # via datasets
    # via huggingface-hub
    # via ipykernel
    # via transformers
pandas==2.3.3
    # via datasets
parso==0.8.5
    # via jedi
pathspec==0.12.1
    # via black
pexpect==4.9.0
    # via ipython
pillow==12.0.0
    # via typst-ocr
platformdirs==4.5.0
    # via black
    # via jupyter-core
pluggy==1.6.0
    # via python-lsp-server
prompt-toolkit==3.0.52
    # via ipython
propcache==0.4.1
    # via aiohttp
    # via yarl
psutil==7.1.3
    # via accelerate
    # via ipykernel
ptyprocess==0.7.0
    # via pexpect
pure-eval==0.2.3
    # via stack-data
pyarrow==12.0.1
    # via datasets
    # via typst-ocr
pyarrow-hotfix==0.7
    # via datasets
pygments==2.19.2
    # via ipython
python-dateutil==2.9.0.post0
    # via jupyter-client
    # via pandas
python-lsp-jsonrpc==1.1.2
    # via python-lsp-server
python-lsp-server==1.13.2
    # via typst-ocr
pytokens==0.3.0
    # via black
pytz==2025.2
    # via pandas
pyyaml==6.0.3
    # via accelerate
    # via datasets
    # via huggingface-hub
    # via transformers
pyzmq==27.1.0
    # via ipykernel
    # via jupyter-client
regex==2025.11.3
    # via transformers
requests==2.32.5
    # via datasets
    # via huggingface-hub
    # via transformers
    # via typst-ocr
safetensors==0.7.0
    # via accelerate
    # via transformers
six==1.17.0
    # via python-dateutil
stack-data==0.6.3
    # via ipython
sympy==1.14.0
    # via torch
tokenizers==0.22.1
    # via transformers
tomli==2.3.0
    # via black
torch==2.2.2
    # via accelerate
    # via typst-ocr
tornado==6.5.2
    # via ipykernel
    # via jupyter-client
tqdm==4.67.1
    # via datasets
    # via huggingface-hub
    # via transformers
traitlets==5.14.3
    # via ipykernel
    # via ipython
    # via jupyter-client
    # via jupyter-core
    # via matplotlib-inline
transformers==4.57.3
    # via typst-ocr
typing-extensions==4.15.0
    # via aiosignal
    # via black
    # via docstring-to-markdown
    # via exceptiongroup
    # via huggingface-hub
    # via ipython
    # via multidict
    # via torch
tzdata==2025.2
    # via pandas
ujson==5.11.0
    # via python-lsp-jsonrpc
    # via python-lsp-server
urllib3==2.5.0
    # via requests
wcwidth==0.2.14
    # via prompt-toolkit
xxhash==3.6.0
    # via datasets
yarl==1.22.0
    # via aiohttp
zipp==3.23.0
    # via importlib-metadata
